
Microsoft Visual Studio Solution File, Format Version 12.00
# Visual Studio Version 16
VisualStudioVersion = 16.0.28917.181
MinimumVisualStudioVersion = 10.0.40219.1
Project("{FAE04EC0-301F-11D3-BF4B-00C04F79EFBC}") = "SSDTLifecycleExtension", "SSDTLifecycleExtension\SSDTLifecycleExtension.csproj", "{33F67B86-F86E-4788-9A94-8E680CF36938}"
EndProject
Project("{FAE04EC0-301F-11D3-BF4B-00C04F79EFBC}") = "Shared", "Shared\Shared.csproj", "{F5653D93-0053-4B4A-830C-0DFD41B12AA8}"
EndProject
Global
	GlobalSection(SolutionConfigurationPlatforms) = preSolution
		Debug|Any CPU = Debug|Any CPU
		Release|Any CPU = Release|Any CPU
	EndGlobalSection
	GlobalSection(ProjectConfigurationPlatforms) = postSolution
		{33F67B86-F86E-4788-9A94-8E680CF36938}.Debug|Any CPU.ActiveCfg = Debug|Any CPU
		{33F67B86-F86E-4788-9A94-8E680CF36938}.Debug|Any CPU.Build.0 = Debug|Any CPU
		{33F67B86-F86E-4788-9A94-8E680CF36938}.Release|Any CPU.ActiveCfg = Release|Any CPU
		{33F67B86-F86E-4788-9A94-8E680CF36938}.Release|Any CPU.Build.0 = Release|Any CPU
		{F5653D93-0053-4B4A-830C-0DFD41B12AA8}.Debug|Any CPU.ActiveCfg = Debug|Any CPU
		{F5653D93-0053-4B4A-830C-0DFD41B12AA8}.Debug|Any CPU.Build.0 = Debug|Any CPU
		{F5653D93-0053-4B4A-830C-0DFD41B12AA8}.Release|Any CPU.ActiveCfg = Release|Any CPU
		{F5653D93-0053-4B4A-830C-0DFD41B12AA8}.Release|Any CPU.Build.0 = Release|Any CPU
	EndGlobalSection
	GlobalSection(SolutionProperties) = preSolution
		HideSolutionNode = FALSE
	EndGlobalSection
	GlobalSection(ExtensibilityGlobals) = postSolution
		SolutionGuid = {4E1A60F6-7D0C-4417-AFC5-1016F76CD110}
	EndGlobalSection
EndGlobal
